
Microsoft Visual Studio Solution File, Format Version 12.00
# Visual Studio Version 17
VisualStudioVersion = 17.3.32804.467
MinimumVisualStudioVersion = 10.0.40219.1
Project("{FAE04EC0-301F-11D3-BF4B-00C04F79EFBC}") = "PracticeApp", "PracticeApp.csproj", "{32D5920F-004F-44E3-8E82-B8DB9AE130E5}"
EndProject
Global
	GlobalSection(SolutionConfigurationPlatforms) = preSolution
		Debug|Any CPU = Debug|Any CPU
		Release|Any CPU = Release|Any CPU
	EndGlobalSection
	GlobalSection(ProjectConfigurationPlatforms) = postSolution
		{32D5920F-004F-44E3-8E82-B8DB9AE130E5}.Debug|Any CPU.ActiveCfg = Debug|Any CPU
		{32D5920F-004F-44E3-8E82-B8DB9AE130E5}.Debug|Any CPU.Build.0 = Debug|Any CPU
		{32D5920F-004F-44E3-8E82-B8DB9AE130E5}.Release|Any CPU.ActiveCfg = Release|Any CPU
		{32D5920F-004F-44E3-8E82-B8DB9AE130E5}.Release|Any CPU.Build.0 = Release|Any CPU
	EndGlobalSection
	GlobalSection(SolutionProperties) = preSolution
		HideSolutionNode = FALSE
	EndGlobalSection
	GlobalSection(ExtensibilityGlobals) = postSolution
		SolutionGuid = {BED69929-3165-4523-93C3-75864FB34605}
	EndGlobalSection
EndGlobal
